{
  "name": "pareto-core-lib",
  "version": "0.10.0",
  "lockfileVersion": 2,
  "requires": true,
  "packages": {
    "": {
      "name": "pareto-core-lib",
      "version": "0.10.0",
      "license": "ISC",
      "dependencies": {
        "pareto-core-internals": "^0.4.0"
      }
    },
    "node_modules/pareto-core-internals": {
      "version": "0.4.0",
      "resolved": "https://registry.npmjs.org/pareto-core-internals/-/pareto-core-internals-0.4.0.tgz",
      "integrity": "sha512-/VBYUQ9ZcMeAi1jq8op3v0CRAGLxsfVwF90jf59pcRVS39GRRSTIVgmapGkyKtmEc2xPdTOEIB8lzU7bH7HtQw==",
      "dependencies": {
        "pareto-core-types": "^0.4.0"
      }
    },
    "node_modules/pareto-core-types": {
      "version": "0.4.0",
      "resolved": "https://registry.npmjs.org/pareto-core-types/-/pareto-core-types-0.4.0.tgz",
      "integrity": "sha512-8BUersJNqgec3ClwtQ90VQBxgBcfXpXw8fCnUU93hKRZk1D6ROiDRo49YSGZ/31VOa4iGZQ2MBqauWFfo3T6/Q=="
    }
  },
  "dependencies": {
    "pareto-core-internals": {
      "version": "0.4.0",
      "resolved": "https://registry.npmjs.org/pareto-core-internals/-/pareto-core-internals-0.4.0.tgz",
      "integrity": "sha512-/VBYUQ9ZcMeAi1jq8op3v0CRAGLxsfVwF90jf59pcRVS39GRRSTIVgmapGkyKtmEc2xPdTOEIB8lzU7bH7HtQw==",
      "requires": {
        "pareto-core-types": "^0.4.0"
      }
    },
    "pareto-core-types": {
      "version": "0.4.0",
      "resolved": "https://registry.npmjs.org/pareto-core-types/-/pareto-core-types-0.4.0.tgz",
      "integrity": "sha512-8BUersJNqgec3ClwtQ90VQBxgBcfXpXw8fCnUU93hKRZk1D6ROiDRo49YSGZ/31VOa4iGZQ2MBqauWFfo3T6/Q=="
    }
  }
}
